{
  "name": "outbreak-x",
  "version": "1.0.0",
  "lockfileVersion": 3,
  "requires": true,
  "packages": {
    "": {
      "name": "outbreak-x",
      "version": "1.0.0",
      "license": "ISC",
      "dependencies": {
        "axios": "^1.7.7",
        "mapbox-gl": "^3.7.0",
        "react-map-gl": "^7.1.7"
      },
      "devDependencies": {
        "turbo": "^2.2.1"
      }
    },
    "node_modules/@mapbox/jsonlint-lines-primitives": {
      "version": "2.0.2",
      "resolved": "https://registry.npmjs.org/@mapbox/jsonlint-lines-primitives/-/jsonlint-lines-primitives-2.0.2.tgz",
      "integrity": "sha512-rY0o9A5ECsTQRVhv7tL/OyDpGAoUB4tTvLiW1DSzQGq4bvTPhNw1VpSNjDJc5GFZ2XuyOtSWSVN05qOtcD71qQ==",
      "engines": {
        "node": ">= 0.6"
      }
    },
    "node_modules/@mapbox/mapbox-gl-supported": {
      "version": "3.0.0",
      "resolved": "https://registry.npmjs.org/@mapbox/mapbox-gl-supported/-/mapbox-gl-supported-3.0.0.tgz",
      "integrity": "sha512-2XghOwu16ZwPJLOFVuIOaLbN0iKMn867evzXFyf0P22dqugezfJwLmdanAgU25ITvz1TvOfVP4jsDImlDJzcWg==",
      "license": "BSD-3-Clause"
    },
    "node_modules/@mapbox/point-geometry": {
      "version": "0.1.0",
      "resolved": "https://registry.npmjs.org/@mapbox/point-geometry/-/point-geometry-0.1.0.tgz",
      "integrity": "sha512-6j56HdLTwWGO0fJPlrZtdU/B13q8Uwmo18Ck2GnGgN9PCFyKTZ3UbXeEdRFh18i9XQ92eH2VdtpJHpBD3aripQ==",
      "license": "ISC"
    },
    "node_modules/@mapbox/tiny-sdf": {
      "version": "2.0.6",
      "resolved": "https://registry.npmjs.org/@mapbox/tiny-sdf/-/tiny-sdf-2.0.6.tgz",
      "integrity": "sha512-qMqa27TLw+ZQz5Jk+RcwZGH7BQf5G/TrutJhspsca/3SHwmgKQ1iq+d3Jxz5oysPVYTGP6aXxCo5Lk9Er6YBAA==",
      "license": "BSD-2-Clause"
    },
    "node_modules/@mapbox/unitbezier": {
      "version": "0.0.1",
      "resolved": "https://registry.npmjs.org/@mapbox/unitbezier/-/unitbezier-0.0.1.tgz",
      "integrity": "sha512-nMkuDXFv60aBr9soUG5q+GvZYL+2KZHVvsqFCzqnkGEf46U2fvmytHaEVc1/YZbiLn8X+eR3QzX1+dwDO1lxlw==",
      "license": "BSD-2-Clause"
    },
    "node_modules/@mapbox/vector-tile": {
      "version": "1.3.1",
      "resolved": "https://registry.npmjs.org/@mapbox/vector-tile/-/vector-tile-1.3.1.tgz",
      "integrity": "sha512-MCEddb8u44/xfQ3oD+Srl/tNcQoqTw3goGk2oLsrFxOTc3dUp+kAnby3PvAeeBYSMSjSPD1nd1AJA6W49WnoUw==",
      "license": "BSD-3-Clause",
      "dependencies": {
        "@mapbox/point-geometry": "~0.1.0"
      }
    },
    "node_modules/@mapbox/whoots-js": {
      "version": "3.1.0",
      "resolved": "https://registry.npmjs.org/@mapbox/whoots-js/-/whoots-js-3.1.0.tgz",
      "integrity": "sha512-Es6WcD0nO5l+2BOQS4uLfNPYQaNDfbot3X1XUoloz+x0mPDS3eeORZJl06HXjwBG1fOGwCRnzK88LMdxKRrd6Q==",
      "license": "ISC",
      "engines": {
        "node": ">=6.0.0"
      }
    },
    "node_modules/@maplibre/maplibre-gl-style-spec": {
      "version": "19.3.3",
      "resolved": "https://registry.npmjs.org/@maplibre/maplibre-gl-style-spec/-/maplibre-gl-style-spec-19.3.3.tgz",
      "integrity": "sha512-cOZZOVhDSulgK0meTsTkmNXb1ahVvmTmWmfx9gRBwc6hq98wS9JP35ESIoNq3xqEan+UN+gn8187Z6E4NKhLsw==",
      "license": "ISC",
      "dependencies": {
        "@mapbox/jsonlint-lines-primitives": "~2.0.2",
        "@mapbox/unitbezier": "^0.0.1",
        "json-stringify-pretty-compact": "^3.0.0",
        "minimist": "^1.2.8",
        "rw": "^1.3.3",
        "sort-object": "^3.0.3"
      },
      "bin": {
        "gl-style-format": "dist/gl-style-format.mjs",
        "gl-style-migrate": "dist/gl-style-migrate.mjs",
        "gl-style-validate": "dist/gl-style-validate.mjs"
      }
    },
    "node_modules/@types/geojson": {
      "version": "7946.0.14",
      "license": "MIT"
    },
    "node_modules/@types/geojson-vt": {
      "version": "3.2.5",
      "resolved": "https://registry.npmjs.org/@types/geojson-vt/-/geojson-vt-3.2.5.tgz",
      "integrity": "sha512-qDO7wqtprzlpe8FfQ//ClPV9xiuoh2nkIgiouIptON9w5jvD/fA4szvP9GBlDVdJ5dldAl0kX/sy3URbWwLx0g==",
      "license": "MIT",
      "dependencies": {
        "@types/geojson": "*"
      }
    },
    "node_modules/@types/mapbox__point-geometry": {
      "version": "0.1.4",
      "resolved": "https://registry.npmjs.org/@types/mapbox__point-geometry/-/mapbox__point-geometry-0.1.4.tgz",
      "integrity": "sha512-mUWlSxAmYLfwnRBmgYV86tgYmMIICX4kza8YnE/eIlywGe2XoOxlpVnXWwir92xRLjwyarqwpu2EJKD2pk0IUA==",
      "license": "MIT"
    },
    "node_modules/@types/mapbox__vector-tile": {
      "version": "1.3.4",
      "resolved": "https://registry.npmjs.org/@types/mapbox__vector-tile/-/mapbox__vector-tile-1.3.4.tgz",
      "integrity": "sha512-bpd8dRn9pr6xKvuEBQup8pwQfD4VUyqO/2deGjfpe6AwC8YRlyEipvefyRJUSiCJTZuCb8Pl1ciVV5ekqJ96Bg==",
      "license": "MIT",
      "dependencies": {
        "@types/geojson": "*",
        "@types/mapbox__point-geometry": "*",
        "@types/pbf": "*"
      }
    },
    "node_modules/@types/mapbox-gl": {
      "version": "3.4.0",
      "resolved": "https://registry.npmjs.org/@types/mapbox-gl/-/mapbox-gl-3.4.0.tgz",
      "integrity": "sha512-tbn++Mm94H1kE7W6FF0oVC9rMXHVzDDNUbS7KfBMRF8NV/8csFi+67ytKcZJ4LsrpsJ+8MC6Os6ZinEDCsrunw==",
      "license": "MIT",
      "dependencies": {
        "@types/geojson": "*"
      }
    },
    "node_modules/@types/pbf": {
      "version": "3.0.5",
      "resolved": "https://registry.npmjs.org/@types/pbf/-/pbf-3.0.5.tgz",
      "integrity": "sha512-j3pOPiEcWZ34R6a6mN07mUkM4o4Lwf6hPNt8eilOeZhTFbxFXmKhvXl9Y28jotFPaI1bpPDJsbCprUoNke6OrA==",
      "license": "MIT"
    },
    "node_modules/@types/supercluster": {
      "version": "7.1.3",
      "resolved": "https://registry.npmjs.org/@types/supercluster/-/supercluster-7.1.3.tgz",
      "integrity": "sha512-Z0pOY34GDFl3Q6hUFYf3HkTwKEE02e7QgtJppBt+beEAxnyOpJua+voGFvxINBHa06GwLFFym7gRPY2SiKIfIA==",
      "license": "MIT",
      "dependencies": {
        "@types/geojson": "*"
      }
    },
    "node_modules/arr-union": {
      "version": "3.1.0",
      "resolved": "https://registry.npmjs.org/arr-union/-/arr-union-3.1.0.tgz",
      "integrity": "sha512-sKpyeERZ02v1FeCZT8lrfJq5u6goHCtpTAzPwJYe7c8SPFOboNjNg1vz2L4VTn9T4PQxEx13TbXLmYUcS6Ug7Q==",
      "license": "MIT",
      "engines": {
        "node": ">=0.10.0"
      }
    },
    "node_modules/assign-symbols": {
      "version": "1.0.0",
      "resolved": "https://registry.npmjs.org/assign-symbols/-/assign-symbols-1.0.0.tgz",
      "integrity": "sha512-Q+JC7Whu8HhmTdBph/Tq59IoRtoy6KAm5zzPv00WdujX82lbAL8K7WVjne7vdCsAmbF4AYaDOPyO3k0kl8qIrw==",
      "license": "MIT",
      "engines": {
        "node": ">=0.10.0"
      }
    },
    "node_modules/asynckit": {
      "version": "0.4.0",
      "license": "MIT"
    },
    "node_modules/axios": {
      "version": "1.7.7",
      "resolved": "https://registry.npmjs.org/axios/-/axios-1.7.7.tgz",
      "integrity": "sha512-S4kL7XrjgBmvdGut0sN3yJxqYzrDOnivkBiN0OFs6hLiUam3UPvswUo0kqGyhqUZGEOytHyumEdXsAkgCOUf3Q==",
      "license": "MIT",
      "dependencies": {
        "follow-redirects": "^1.15.6",
        "form-data": "^4.0.0",
        "proxy-from-env": "^1.1.0"
      }
    },
    "node_modules/bytewise": {
      "version": "1.1.0",
      "resolved": "https://registry.npmjs.org/bytewise/-/bytewise-1.1.0.tgz",
      "integrity": "sha512-rHuuseJ9iQ0na6UDhnrRVDh8YnWVlU6xM3VH6q/+yHDeUH2zIhUzP+2/h3LIrhLDBtTqzWpE3p3tP/boefskKQ==",
      "license": "MIT",
      "dependencies": {
        "bytewise-core": "^1.2.2",
        "typewise": "^1.0.3"
      }
    },
    "node_modules/bytewise-core": {
      "version": "1.2.3",
      "resolved": "https://registry.npmjs.org/bytewise-core/-/bytewise-core-1.2.3.tgz",
      "integrity": "sha512-nZD//kc78OOxeYtRlVk8/zXqTB4gf/nlguL1ggWA8FuchMyOxcyHR4QPQZMUmA7czC+YnaBrPUCubqAWe50DaA==",
      "license": "MIT",
      "dependencies": {
        "typewise-core": "^1.2"
      }
    },
    "node_modules/cheap-ruler": {
      "version": "4.0.0",
      "resolved": "https://registry.npmjs.org/cheap-ruler/-/cheap-ruler-4.0.0.tgz",
      "integrity": "sha512-0BJa8f4t141BYKQyn9NSQt1PguFQXMXwZiA5shfoaBYHAb2fFk2RAX+tiWMoQU+Agtzt3mdt0JtuyshAXqZ+Vw==",
      "license": "ISC"
    },
    "node_modules/combined-stream": {
      "version": "1.0.8",
      "license": "MIT",
      "dependencies": {
        "delayed-stream": "~1.0.0"
      },
      "engines": {
        "node": ">= 0.8"
      }
    },
    "node_modules/csscolorparser": {
      "version": "1.0.3",
      "resolved": "https://registry.npmjs.org/csscolorparser/-/csscolorparser-1.0.3.tgz",
      "integrity": "sha512-umPSgYwZkdFoUrH5hIq5kf0wPSXiro51nPw0j2K/c83KflkPSTBGMz6NJvMB+07VlL0y7VPo6QJcDjcgKTTm3w==",
      "license": "MIT"
    },
    "node_modules/delayed-stream": {
      "version": "1.0.0",
      "license": "MIT",
      "engines": {
        "node": ">=0.4.0"
      }
    },
    "node_modules/earcut": {
      "version": "3.0.0",
      "resolved": "https://registry.npmjs.org/earcut/-/earcut-3.0.0.tgz",
      "integrity": "sha512-41Fs7Q/PLq1SDbqjsgcY7GA42T0jvaCNGXgGtsNdvg+Yv8eIu06bxv4/PoREkZ9nMDNwnUSG9OFB9+yv8eKhDg==",
      "license": "ISC"
    },
    "node_modules/extend-shallow": {
      "version": "2.0.1",
      "resolved": "https://registry.npmjs.org/extend-shallow/-/extend-shallow-2.0.1.tgz",
      "integrity": "sha512-zCnTtlxNoAiDc3gqY2aYAWFx7XWWiasuF2K8Me5WbN8otHKTUKBwjPtNpRs/rbUZm7KxWAaNj7P1a/p52GbVug==",
      "license": "MIT",
      "dependencies": {
        "is-extendable": "^0.1.0"
      },
      "engines": {
        "node": ">=0.10.0"
      }
    },
    "node_modules/follow-redirects": {
      "version": "1.15.9",
      "funding": [
        {
          "type": "individual",
          "url": "https://github.com/sponsors/RubenVerborgh"
        }
      ],
      "license": "MIT",
      "engines": {
        "node": ">=4.0"
      },
      "peerDependenciesMeta": {
        "debug": {
          "optional": true
        }
      }
    },
    "node_modules/form-data": {
      "version": "4.0.1",
      "license": "MIT",
      "dependencies": {
        "asynckit": "^0.4.0",
        "combined-stream": "^1.0.8",
        "mime-types": "^2.1.12"
      },
      "engines": {
        "node": ">= 6"
      }
    },
    "node_modules/geojson-vt": {
      "version": "4.0.2",
      "resolved": "https://registry.npmjs.org/geojson-vt/-/geojson-vt-4.0.2.tgz",
      "integrity": "sha512-AV9ROqlNqoZEIJGfm1ncNjEXfkz2hdFlZf0qkVfmkwdKa8vj7H16YUOT81rJw1rdFhyEDlN2Tds91p/glzbl5A==",
      "license": "ISC"
    },
    "node_modules/get-value": {
      "version": "2.0.6",
      "resolved": "https://registry.npmjs.org/get-value/-/get-value-2.0.6.tgz",
      "integrity": "sha512-Ln0UQDlxH1BapMu3GPtf7CuYNwRZf2gwCuPqbyG6pB8WfmFpzqcy4xtAaAMUhnNqjMKTiCPZG2oMT3YSx8U2NA==",
      "license": "MIT",
      "engines": {
        "node": ">=0.10.0"
      }
    },
    "node_modules/gl-matrix": {
      "version": "3.4.3",
      "resolved": "https://registry.npmjs.org/gl-matrix/-/gl-matrix-3.4.3.tgz",
      "integrity": "sha512-wcCp8vu8FT22BnvKVPjXa/ICBWRq/zjFfdofZy1WSpQZpphblv12/bOQLBC1rMM7SGOFS9ltVmKOHil5+Ml7gA==",
      "license": "MIT"
    },
    "node_modules/grid-index": {
      "version": "1.1.0",
      "resolved": "https://registry.npmjs.org/grid-index/-/grid-index-1.1.0.tgz",
      "integrity": "sha512-HZRwumpOGUrHyxO5bqKZL0B0GlUpwtCAzZ42sgxUPniu33R1LSFH5yrIcBCHjkctCAh3mtWKcKd9J4vDDdeVHA==",
      "license": "ISC"
    },
    "node_modules/ieee754": {
      "version": "1.2.1",
      "resolved": "https://registry.npmjs.org/ieee754/-/ieee754-1.2.1.tgz",
      "integrity": "sha512-dcyqhDvX1C46lXZcVqCpK+FtMRQVdIMN6/Df5js2zouUsqG7I6sFxitIC+7KYK29KdXOLHdu9zL4sFnoVQnqaA==",
      "funding": [
        {
          "type": "github",
          "url": "https://github.com/sponsors/feross"
        },
        {
          "type": "patreon",
          "url": "https://www.patreon.com/feross"
        },
        {
          "type": "consulting",
          "url": "https://feross.org/support"
        }
      ],
      "license": "BSD-3-Clause"
    },
    "node_modules/is-extendable": {
      "version": "0.1.1",
      "resolved": "https://registry.npmjs.org/is-extendable/-/is-extendable-0.1.1.tgz",
      "integrity": "sha512-5BMULNob1vgFX6EjQw5izWDxrecWK9AM72rugNr0TFldMOi0fj6Jk+zeKIt0xGj4cEfQIJth4w3OKWOJ4f+AFw==",
      "license": "MIT",
      "engines": {
        "node": ">=0.10.0"
      }
    },
    "node_modules/is-plain-object": {
      "version": "2.0.4",
      "resolved": "https://registry.npmjs.org/is-plain-object/-/is-plain-object-2.0.4.tgz",
      "integrity": "sha512-h5PpgXkWitc38BBMYawTYMWJHFZJVnBquFE57xFpjB8pJFiF6gZ+bU+WyI/yqXiFR5mdLsgYNaPe8uao6Uv9Og==",
      "license": "MIT",
      "dependencies": {
        "isobject": "^3.0.1"
      },
      "engines": {
        "node": ">=0.10.0"
      }
    },
    "node_modules/isobject": {
      "version": "3.0.1",
      "resolved": "https://registry.npmjs.org/isobject/-/isobject-3.0.1.tgz",
      "integrity": "sha512-WhB9zCku7EGTj/HQQRz5aUQEUeoQZH2bWcltRErOpymJ4boYE6wL9Tbr23krRPSZ+C5zqNSrSw+Cc7sZZ4b7vg==",
      "license": "MIT",
      "engines": {
        "node": ">=0.10.0"
      }
    },
    "node_modules/js-tokens": {
      "version": "4.0.0",
      "license": "MIT",
      "peer": true
    },
    "node_modules/json-stringify-pretty-compact": {
      "version": "3.0.0",
      "resolved": "https://registry.npmjs.org/json-stringify-pretty-compact/-/json-stringify-pretty-compact-3.0.0.tgz",
      "integrity": "sha512-Rc2suX5meI0S3bfdZuA7JMFBGkJ875ApfVyq2WHELjBiiG22My/l7/8zPpH/CfFVQHuVLd8NLR0nv6vi0BYYKA==",
      "license": "MIT"
    },
    "node_modules/kdbush": {
      "version": "4.0.2",
      "resolved": "https://registry.npmjs.org/kdbush/-/kdbush-4.0.2.tgz",
      "integrity": "sha512-WbCVYJ27Sz8zi9Q7Q0xHC+05iwkm3Znipc2XTlrnJbsHMYktW4hPhXUE8Ys1engBrvffoSCqbil1JQAa7clRpA==",
      "license": "ISC"
    },
    "node_modules/loose-envify": {
      "version": "1.4.0",
      "license": "MIT",
      "peer": true,
      "dependencies": {
        "js-tokens": "^3.0.0 || ^4.0.0"
      },
      "bin": {
        "loose-envify": "cli.js"
      }
    },
    "node_modules/mapbox-gl": {
      "version": "3.7.0",
      "resolved": "https://registry.npmjs.org/mapbox-gl/-/mapbox-gl-3.7.0.tgz",
      "integrity": "sha512-dCbVyH1uGobwv6f4QKRv2Z2wuVT/RmspsudK3sTxGRFxZi6Pd2P9axdbVyZpmGddCAREy44pHhvzvO0qgpdKAg==",
      "license": "SEE LICENSE IN LICENSE.txt",
      "workspaces": [
        "src/style-spec",
        "test/build/typings"
      ],
      "dependencies": {
        "@mapbox/jsonlint-lines-primitives": "^2.0.2",
        "@mapbox/mapbox-gl-supported": "^3.0.0",
        "@mapbox/point-geometry": "^0.1.0",
        "@mapbox/tiny-sdf": "^2.0.6",
        "@mapbox/unitbezier": "^0.0.1",
        "@mapbox/vector-tile": "^1.3.1",
        "@mapbox/whoots-js": "^3.1.0",
        "@types/geojson": "^7946.0.14",
        "@types/geojson-vt": "^3.2.5",
        "@types/mapbox__point-geometry": "^0.1.4",
        "@types/mapbox__vector-tile": "^1.3.4",
        "@types/pbf": "^3.0.5",
        "@types/supercluster": "^7.1.3",
        "cheap-ruler": "^4.0.0",
        "csscolorparser": "~1.0.3",
        "earcut": "^3.0.0",
        "geojson-vt": "^4.0.2",
        "gl-matrix": "^3.4.3",
        "grid-index": "^1.1.0",
        "kdbush": "^4.0.2",
        "murmurhash-js": "^1.0.0",
        "pbf": "^3.2.1",
        "potpack": "^2.0.0",
        "quickselect": "^3.0.0",
        "serialize-to-js": "^3.1.2",
        "supercluster": "^8.0.1",
        "tinyqueue": "^3.0.0",
        "vt-pbf": "^3.1.3"
      }
    },
    "node_modules/mime-db": {
      "version": "1.52.0",
      "license": "MIT",
      "engines": {
        "node": ">= 0.6"
      }
    },
    "node_modules/mime-types": {
      "version": "2.1.35",
      "license": "MIT",
      "dependencies": {
        "mime-db": "1.52.0"
      },
      "engines": {
        "node": ">= 0.6"
      }
    },
    "node_modules/minimist": {
      "version": "1.2.8",
      "license": "MIT",
      "funding": {
        "url": "https://github.com/sponsors/ljharb"
      }
    },
    "node_modules/murmurhash-js": {
      "version": "1.0.0",
      "resolved": "https://registry.npmjs.org/murmurhash-js/-/murmurhash-js-1.0.0.tgz",
      "integrity": "sha512-TvmkNhkv8yct0SVBSy+o8wYzXjE4Zz3PCesbfs8HiCXXdcTuocApFv11UWlNFWKYsP2okqrhb7JNlSm9InBhIw==",
      "license": "MIT"
    },
    "node_modules/pbf": {
      "version": "3.3.0",
      "resolved": "https://registry.npmjs.org/pbf/-/pbf-3.3.0.tgz",
      "integrity": "sha512-XDF38WCH3z5OV/OVa8GKUNtLAyneuzbCisx7QUCF8Q6Nutx0WnJrQe5O+kOtBlLfRNUws98Y58Lblp+NJG5T4Q==",
      "license": "BSD-3-Clause",
      "dependencies": {
        "ieee754": "^1.1.12",
        "resolve-protobuf-schema": "^2.1.0"
      },
      "bin": {
        "pbf": "bin/pbf"
      }
    },
    "node_modules/potpack": {
      "version": "2.0.0",
      "resolved": "https://registry.npmjs.org/potpack/-/potpack-2.0.0.tgz",
      "integrity": "sha512-Q+/tYsFU9r7xoOJ+y/ZTtdVQwTWfzjbiXBDMM/JKUux3+QPP02iUuIoeBQ+Ot6oEDlC+/PGjB/5A3K7KKb7hcw==",
      "license": "ISC"
    },
    "node_modules/protocol-buffers-schema": {
      "version": "3.6.0",
      "resolved": "https://registry.npmjs.org/protocol-buffers-schema/-/protocol-buffers-schema-3.6.0.tgz",
      "integrity": "sha512-TdDRD+/QNdrCGCE7v8340QyuXd4kIWIgapsE2+n/SaGiSSbomYl4TjHlvIoCWRpE7wFt02EpB35VVA2ImcBVqw==",
      "license": "MIT"
    },
    "node_modules/proxy-from-env": {
      "version": "1.1.0",
      "license": "MIT"
    },
    "node_modules/quickselect": {
      "version": "3.0.0",
      "resolved": "https://registry.npmjs.org/quickselect/-/quickselect-3.0.0.tgz",
      "integrity": "sha512-XdjUArbK4Bm5fLLvlm5KpTFOiOThgfWWI4axAZDWg4E/0mKdZyI9tNEfds27qCi1ze/vwTR16kvmmGhRra3c2g==",
      "license": "ISC"
    },
    "node_modules/react": {
      "version": "18.3.1",
      "license": "MIT",
      "peer": true,
      "dependencies": {
        "loose-envify": "^1.1.0"
      },
      "engines": {
        "node": ">=0.10.0"
      }
    },
    "node_modules/react-dom": {
      "version": "18.3.1",
      "license": "MIT",
      "peer": true,
      "dependencies": {
        "loose-envify": "^1.1.0",
        "scheduler": "^0.23.2"
      },
      "peerDependencies": {
        "react": "^18.3.1"
      }
    },
    "node_modules/react-map-gl": {
      "version": "7.1.7",
      "resolved": "https://registry.npmjs.org/react-map-gl/-/react-map-gl-7.1.7.tgz",
      "integrity": "sha512-mwjc0obkBJOXCcoXQr3VoLqmqwo9vS4bXfbGsdxXzEgVCv/PM0v+1QggL7W0d/ccIy+VCjbXNlGij+PENz6VNg==",
      "license": "MIT",
      "dependencies": {
        "@maplibre/maplibre-gl-style-spec": "^19.2.1",
        "@types/mapbox-gl": ">=1.0.0"
      },
      "peerDependencies": {
        "mapbox-gl": ">=1.13.0",
        "maplibre-gl": ">=1.13.0",
        "react": ">=16.3.0",
        "react-dom": ">=16.3.0"
      },
      "peerDependenciesMeta": {
        "mapbox-gl": {
          "optional": true
        },
        "maplibre-gl": {
          "optional": true
        }
      }
    },
    "node_modules/resolve-protobuf-schema": {
      "version": "2.1.0",
      "resolved": "https://registry.npmjs.org/resolve-protobuf-schema/-/resolve-protobuf-schema-2.1.0.tgz",
      "integrity": "sha512-kI5ffTiZWmJaS/huM8wZfEMer1eRd7oJQhDuxeCLe3t7N7mX3z94CN0xPxBQxFYQTSNz9T0i+v6inKqSdK8xrQ==",
      "license": "MIT",
      "dependencies": {
        "protocol-buffers-schema": "^3.3.1"
      }
    },
    "node_modules/rw": {
      "version": "1.3.3",
      "resolved": "https://registry.npmjs.org/rw/-/rw-1.3.3.tgz",
      "integrity": "sha512-PdhdWy89SiZogBLaw42zdeqtRJ//zFd2PgQavcICDUgJT5oW10QCRKbJ6bg4r0/UY2M6BWd5tkxuGFRvCkgfHQ==",
      "license": "BSD-3-Clause"
    },
    "node_modules/scheduler": {
      "version": "0.23.2",
      "license": "MIT",
      "peer": true,
      "dependencies": {
        "loose-envify": "^1.1.0"
      }
    },
    "node_modules/serialize-to-js": {
      "version": "3.1.2",
      "resolved": "https://registry.npmjs.org/serialize-to-js/-/serialize-to-js-3.1.2.tgz",
      "integrity": "sha512-owllqNuDDEimQat7EPG0tH7JjO090xKNzUtYz6X+Sk2BXDnOCilDdNLwjWeFywG9xkJul1ULvtUQa9O4pUaY0w==",
      "license": "MIT",
      "engines": {
        "node": ">=4.0.0"
      }
    },
    "node_modules/set-value": {
      "version": "2.0.1",
      "resolved": "https://registry.npmjs.org/set-value/-/set-value-2.0.1.tgz",
      "integrity": "sha512-JxHc1weCN68wRY0fhCoXpyK55m/XPHafOmK4UWD7m2CI14GMcFypt4w/0+NV5f/ZMby2F6S2wwA7fgynh9gWSw==",
      "license": "MIT",
      "dependencies": {
        "extend-shallow": "^2.0.1",
        "is-extendable": "^0.1.1",
        "is-plain-object": "^2.0.3",
        "split-string": "^3.0.1"
      },
      "engines": {
        "node": ">=0.10.0"
      }
    },
    "node_modules/sort-asc": {
      "version": "0.2.0",
      "resolved": "https://registry.npmjs.org/sort-asc/-/sort-asc-0.2.0.tgz",
      "integrity": "sha512-umMGhjPeHAI6YjABoSTrFp2zaBtXBej1a0yKkuMUyjjqu6FJsTF+JYwCswWDg+zJfk/5npWUUbd33HH/WLzpaA==",
      "license": "MIT",
      "engines": {
        "node": ">=0.10.0"
      }
    },
    "node_modules/sort-desc": {
      "version": "0.2.0",
      "resolved": "https://registry.npmjs.org/sort-desc/-/sort-desc-0.2.0.tgz",
      "integrity": "sha512-NqZqyvL4VPW+RAxxXnB8gvE1kyikh8+pR+T+CXLksVRN9eiQqkQlPwqWYU0mF9Jm7UnctShlxLyAt1CaBOTL1w==",
      "license": "MIT",
      "engines": {
        "node": ">=0.10.0"
      }
    },
    "node_modules/sort-object": {
      "version": "3.0.3",
      "resolved": "https://registry.npmjs.org/sort-object/-/sort-object-3.0.3.tgz",
      "integrity": "sha512-nK7WOY8jik6zaG9CRwZTaD5O7ETWDLZYMM12pqY8htll+7dYeqGfEUPcUBHOpSJg2vJOrvFIY2Dl5cX2ih1hAQ==",
      "license": "MIT",
      "dependencies": {
        "bytewise": "^1.1.0",
        "get-value": "^2.0.2",
        "is-extendable": "^0.1.1",
        "sort-asc": "^0.2.0",
        "sort-desc": "^0.2.0",
        "union-value": "^1.0.1"
      },
      "engines": {
        "node": ">=0.10.0"
      }
    },
    "node_modules/split-string": {
      "version": "3.1.0",
      "resolved": "https://registry.npmjs.org/split-string/-/split-string-3.1.0.tgz",
      "integrity": "sha512-NzNVhJDYpwceVVii8/Hu6DKfD2G+NrQHlS/V/qgv763EYudVwEcMQNxd2lh+0VrUByXN/oJkl5grOhYWvQUYiw==",
      "license": "MIT",
      "dependencies": {
        "extend-shallow": "^3.0.0"
      },
      "engines": {
        "node": ">=0.10.0"
      }
    },
    "node_modules/split-string/node_modules/extend-shallow": {
      "version": "3.0.2",
      "resolved": "https://registry.npmjs.org/extend-shallow/-/extend-shallow-3.0.2.tgz",
      "integrity": "sha512-BwY5b5Ql4+qZoefgMj2NUmx+tehVTH/Kf4k1ZEtOHNFcm2wSxMRo992l6X3TIgni2eZVTZ85xMOjF31fwZAj6Q==",
      "license": "MIT",
      "dependencies": {
        "assign-symbols": "^1.0.0",
        "is-extendable": "^1.0.1"
      },
      "engines": {
        "node": ">=0.10.0"
      }
    },
    "node_modules/split-string/node_modules/is-extendable": {
      "version": "1.0.1",
      "resolved": "https://registry.npmjs.org/is-extendable/-/is-extendable-1.0.1.tgz",
      "integrity": "sha512-arnXMxT1hhoKo9k1LZdmlNyJdDDfy2v0fXjFlmok4+i8ul/6WlbVge9bhM74OpNPQPMGUToDtz+KXa1PneJxOA==",
      "license": "MIT",
      "dependencies": {
        "is-plain-object": "^2.0.4"
      },
      "engines": {
        "node": ">=0.10.0"
      }
    },
    "node_modules/supercluster": {
      "version": "8.0.1",
      "resolved": "https://registry.npmjs.org/supercluster/-/supercluster-8.0.1.tgz",
      "integrity": "sha512-IiOea5kJ9iqzD2t7QJq/cREyLHTtSmUT6gQsweojg9WH2sYJqZK9SswTu6jrscO6D1G5v5vYZ9ru/eq85lXeZQ==",
      "license": "ISC",
      "dependencies": {
        "kdbush": "^4.0.2"
      }
    },
    "node_modules/tinyqueue": {
      "version": "3.0.0",
      "resolved": "https://registry.npmjs.org/tinyqueue/-/tinyqueue-3.0.0.tgz",
      "integrity": "sha512-gRa9gwYU3ECmQYv3lslts5hxuIa90veaEcxDYuu3QGOIAEM2mOZkVHp48ANJuu1CURtRdHKUBY5Lm1tHV+sD4g==",
      "license": "ISC"
    },
    "node_modules/turbo": {
      "version": "2.2.1",
      "dev": true,
      "license": "MIT",
      "bin": {
        "turbo": "bin/turbo"
      },
      "optionalDependencies": {
        "turbo-darwin-64": "2.2.1",
        "turbo-darwin-arm64": "2.2.1",
        "turbo-linux-64": "2.2.1",
        "turbo-linux-arm64": "2.2.1",
        "turbo-windows-64": "2.2.1",
        "turbo-windows-arm64": "2.2.1"
      }
    },
    "node_modules/turbo-darwin-arm64": {
      "version": "2.2.1",
      "cpu": [
        "arm64"
      ],
      "dev": true,
      "license": "MIT",
      "optional": true,
      "os": [
        "darwin"
      ]
    },
    "node_modules/typewise": {
      "version": "1.0.3",
      "resolved": "https://registry.npmjs.org/typewise/-/typewise-1.0.3.tgz",
      "integrity": "sha512-aXofE06xGhaQSPzt8hlTY+/YWQhm9P0jYUp1f2XtmW/3Bk0qzXcyFWAtPoo2uTGQj1ZwbDuSyuxicq+aDo8lCQ==",
      "license": "MIT",
      "dependencies": {
        "typewise-core": "^1.2.0"
      }
    },
    "node_modules/typewise-core": {
      "version": "1.2.0",
      "resolved": "https://registry.npmjs.org/typewise-core/-/typewise-core-1.2.0.tgz",
      "integrity": "sha512-2SCC/WLzj2SbUwzFOzqMCkz5amXLlxtJqDKTICqg30x+2DZxcfZN2MvQZmGfXWKNWaKK9pBPsvkcwv8bF/gxKg==",
      "license": "MIT"
    },
    "node_modules/union-value": {
      "version": "1.0.1",
      "resolved": "https://registry.npmjs.org/union-value/-/union-value-1.0.1.tgz",
      "integrity": "sha512-tJfXmxMeWYnczCVs7XAEvIV7ieppALdyepWMkHkwciRpZraG/xwT+s2JN8+pr1+8jCRf80FFzvr+MpQeeoF4Xg==",
      "license": "MIT",
      "dependencies": {
        "arr-union": "^3.1.0",
        "get-value": "^2.0.6",
        "is-extendable": "^0.1.1",
        "set-value": "^2.0.1"
      },
      "engines": {
        "node": ">=0.10.0"
      }
    },
    "node_modules/vt-pbf": {
      "version": "3.1.3",
      "resolved": "https://registry.npmjs.org/vt-pbf/-/vt-pbf-3.1.3.tgz",
      "integrity": "sha512-2LzDFzt0mZKZ9IpVF2r69G9bXaP2Q2sArJCmcCgvfTdCCZzSyz4aCLoQyUilu37Ll56tCblIZrXFIjNUpGIlmA==",
      "license": "MIT",
      "dependencies": {
        "@mapbox/point-geometry": "0.1.0",
        "@mapbox/vector-tile": "^1.3.1",
        "pbf": "^3.2.1"
      }
    }
  }
}
